// !$*UTF8*$!
{
	archiveVersion = 1;
	classes = {
	};
	objectVersion = 50;
	objects = {

/* Begin PBXBuildFile section */
		20CD3DE3A617B87A89F6F91B /* Pods_AuthTestAssignmentTests.framework in Frameworks */ = {isa = PBXBuildFile; fileRef = 0FD9AA130A380FE7202AFB2E /* Pods_AuthTestAssignmentTests.framework */; };
		21164E5E5EBC7E04F159CD75 /* Pods_AuthTestAssignment.framework in Frameworks */ = {isa = PBXBuildFile; fileRef = E9546301F4536612B15E4E57 /* Pods_AuthTestAssignment.framework */; };
		2C53022C208CE9F800D9833F /* UserStorage.swift in Sources */ = {isa = PBXBuildFile; fileRef = 2C53022B208CE9F800D9833F /* UserStorage.swift */; };
		2C7BCEDE2095E62E00B1F0F3 /* Validation.swift in Sources */ = {isa = PBXBuildFile; fileRef = 2C7BCEDD2095E62E00B1F0F3 /* Validation.swift */; };
		2C7BCEE02095E71300B1F0F3 /* Registration.swift in Sources */ = {isa = PBXBuildFile; fileRef = 2C7BCEDF2095E71300B1F0F3 /* Registration.swift */; };
		2C7E6B97208C78B5007C67C2 /* LoginPresenting.swift in Sources */ = {isa = PBXBuildFile; fileRef = 2C7E6B96208C78B5007C67C2 /* LoginPresenting.swift */; };
		2C7E6BA0208C9497007C67C2 /* RegistrationView.swift in Sources */ = {isa = PBXBuildFile; fileRef = 2C7E6B9F208C9497007C67C2 /* RegistrationView.swift */; };
		2C7E6BA2208C94A5007C67C2 /* RegistrationPresenting.swift in Sources */ = {isa = PBXBuildFile; fileRef = 2C7E6BA1208C94A5007C67C2 /* RegistrationPresenting.swift */; };
		2C7E6BA4208C94B0007C67C2 /* ProfileView.swift in Sources */ = {isa = PBXBuildFile; fileRef = 2C7E6BA3208C94B0007C67C2 /* ProfileView.swift */; };
		2C7E6BA6208C94BE007C67C2 /* ProfilePresenting.swift in Sources */ = {isa = PBXBuildFile; fileRef = 2C7E6BA5208C94BE007C67C2 /* ProfilePresenting.swift */; };
		2C7E6BA8208C97A6007C67C2 /* ProfileModule.swift in Sources */ = {isa = PBXBuildFile; fileRef = 2C7E6BA7208C97A6007C67C2 /* ProfileModule.swift */; };
		2C7E6BAA208C988B007C67C2 /* RegistrationModule.swift in Sources */ = {isa = PBXBuildFile; fileRef = 2C7E6BA9208C988B007C67C2 /* RegistrationModule.swift */; };
		2C7E6BAC208C98A9007C67C2 /* LoginModule.swift in Sources */ = {isa = PBXBuildFile; fileRef = 2C7E6BAB208C98A9007C67C2 /* LoginModule.swift */; };
		2C7E6BB2208CAA83007C67C2 /* LoginViewController.m in Sources */ = {isa = PBXBuildFile; fileRef = 2C7E6BB1208CAA83007C67C2 /* LoginViewController.m */; };
		2C9AC4C52087C01E0083ACA4 /* AppDelegate.swift in Sources */ = {isa = PBXBuildFile; fileRef = 2C9AC4C42087C01E0083ACA4 /* AppDelegate.swift */; };
		2C9AC4CC2087C01F0083ACA4 /* Assets.xcassets in Resources */ = {isa = PBXBuildFile; fileRef = 2C9AC4CB2087C01F0083ACA4 /* Assets.xcassets */; };
		2C9AC4CF2087C0200083ACA4 /* LaunchScreen.storyboard in Resources */ = {isa = PBXBuildFile; fileRef = 2C9AC4CD2087C0200083ACA4 /* LaunchScreen.storyboard */; };
		2C9AC4DA2087C0200083ACA4 /* AuthTestAssignmentTests.swift in Sources */ = {isa = PBXBuildFile; fileRef = 2C9AC4D92087C0200083ACA4 /* AuthTestAssignmentTests.swift */; };
		2C9AC4E52087C0C80083ACA4 /* ApplicationFlow.swift in Sources */ = {isa = PBXBuildFile; fileRef = 2C9AC4E42087C0C80083ACA4 /* ApplicationFlow.swift */; };
		2C9AC4E72087C3510083ACA4 /* Networking.swift in Sources */ = {isa = PBXBuildFile; fileRef = 2C9AC4E62087C3510083ACA4 /* Networking.swift */; };
		2C9AC4E92087C4570083ACA4 /* User.swift in Sources */ = {isa = PBXBuildFile; fileRef = 2C9AC4E82087C4570083ACA4 /* User.swift */; };
		2C9AC4EB2087C59C0083ACA4 /* Credentials.swift in Sources */ = {isa = PBXBuildFile; fileRef = 2C9AC4EA2087C59C0083ACA4 /* Credentials.swift */; };
		2C9AC4ED2087C7810083ACA4 /* Architecture components.swift in Sources */ = {isa = PBXBuildFile; fileRef = 2C9AC4EC2087C7810083ACA4 /* Architecture components.swift */; };
		2CD34E37208E4789004465A0 /* RegistrationViewController.xib in Resources */ = {isa = PBXBuildFile; fileRef = 2CD34E35208E4789004465A0 /* RegistrationViewController.xib */; };
		2CD34E39208E4850004465A0 /* UIKit Extensions.swift in Sources */ = {isa = PBXBuildFile; fileRef = 2CD34E38208E4850004465A0 /* UIKit Extensions.swift */; };
		2CD34E3B208E53EB004465A0 /* RegistrationInputView.swift in Sources */ = {isa = PBXBuildFile; fileRef = 2CD34E3A208E53EB004465A0 /* RegistrationInputView.swift */; };
		2CD34E3F208E5489004465A0 /* RegistrationInputView.xib in Resources */ = {isa = PBXBuildFile; fileRef = 2CD34E3E208E5489004465A0 /* RegistrationInputView.xib */; };
		2CD40D1E209A48CC003D5D7A /* Profile views.swift in Sources */ = {isa = PBXBuildFile; fileRef = 2CD40D1D209A48CC003D5D7A /* Profile views.swift */; };
/* End PBXBuildFile section */

/* Begin PBXContainerItemProxy section */
		2C9AC4D62087C0200083ACA4 /* PBXContainerItemProxy */ = {
			isa = PBXContainerItemProxy;
			containerPortal = 2C9AC4B92087C01E0083ACA4 /* Project object */;
			proxyType = 1;
			remoteGlobalIDString = 2C9AC4C02087C01E0083ACA4;
			remoteInfo = AuthTestAssignment;
		};
/* End PBXContainerItemProxy section */

/* Begin PBXFileReference section */
		00C2005F1B70C4AEBCE8547B /* Pods-AuthTestAssignmentTests.release.xcconfig */ = {isa = PBXFileReference; includeInIndex = 1; lastKnownFileType = text.xcconfig; name = "Pods-AuthTestAssignmentTests.release.xcconfig"; path = "Pods/Target Support Files/Pods-AuthTestAssignmentTests/Pods-AuthTestAssignmentTests.release.xcconfig"; sourceTree = "<group>"; };
		0FD9AA130A380FE7202AFB2E /* Pods_AuthTestAssignmentTests.framework */ = {isa = PBXFileReference; explicitFileType = wrapper.framework; includeInIndex = 0; path = Pods_AuthTestAssignmentTests.framework; sourceTree = BUILT_PRODUCTS_DIR; };
		2C530229208CC7EC00D9833F /* LoginPresenting.h */ = {isa = PBXFileReference; lastKnownFileType = sourcecode.c.h; path = LoginPresenting.h; sourceTree = "<group>"; };
		2C53022A208CC88300D9833F /* LoginView.h */ = {isa = PBXFileReference; lastKnownFileType = sourcecode.c.h; path = LoginView.h; sourceTree = "<group>"; };
		2C53022B208CE9F800D9833F /* UserStorage.swift */ = {isa = PBXFileReference; lastKnownFileType = sourcecode.swift; path = UserStorage.swift; sourceTree = "<group>"; };
		2C7BCEDD2095E62E00B1F0F3 /* Validation.swift */ = {isa = PBXFileReference; lastKnownFileType = sourcecode.swift; path = Validation.swift; sourceTree = "<group>"; };
		2C7BCEDF2095E71300B1F0F3 /* Registration.swift */ = {isa = PBXFileReference; lastKnownFileType = sourcecode.swift; path = Registration.swift; sourceTree = "<group>"; };
		2C7E6B96208C78B5007C67C2 /* LoginPresenting.swift */ = {isa = PBXFileReference; lastKnownFileType = sourcecode.swift; path = LoginPresenting.swift; sourceTree = "<group>"; };
		2C7E6B9F208C9497007C67C2 /* RegistrationView.swift */ = {isa = PBXFileReference; lastKnownFileType = sourcecode.swift; path = RegistrationView.swift; sourceTree = "<group>"; };
		2C7E6BA1208C94A5007C67C2 /* RegistrationPresenting.swift */ = {isa = PBXFileReference; lastKnownFileType = sourcecode.swift; path = RegistrationPresenting.swift; sourceTree = "<group>"; };
		2C7E6BA3208C94B0007C67C2 /* ProfileView.swift */ = {isa = PBXFileReference; lastKnownFileType = sourcecode.swift; path = ProfileView.swift; sourceTree = "<group>"; };
		2C7E6BA5208C94BE007C67C2 /* ProfilePresenting.swift */ = {isa = PBXFileReference; lastKnownFileType = sourcecode.swift; path = ProfilePresenting.swift; sourceTree = "<group>"; };
		2C7E6BA7208C97A6007C67C2 /* ProfileModule.swift */ = {isa = PBXFileReference; lastKnownFileType = sourcecode.swift; path = ProfileModule.swift; sourceTree = "<group>"; };
		2C7E6BA9208C988B007C67C2 /* RegistrationModule.swift */ = {isa = PBXFileReference; lastKnownFileType = sourcecode.swift; path = RegistrationModule.swift; sourceTree = "<group>"; };
		2C7E6BAB208C98A9007C67C2 /* LoginModule.swift */ = {isa = PBXFileReference; lastKnownFileType = sourcecode.swift; path = LoginModule.swift; sourceTree = "<group>"; };
		2C7E6BAF208CAA82007C67C2 /* AuthTestAssignment-Bridging-Header.h */ = {isa = PBXFileReference; lastKnownFileType = sourcecode.c.h; path = "AuthTestAssignment-Bridging-Header.h"; sourceTree = "<group>"; };
		2C7E6BB0208CAA83007C67C2 /* LoginViewController.h */ = {isa = PBXFileReference; lastKnownFileType = sourcecode.c.h; path = LoginViewController.h; sourceTree = "<group>"; };
		2C7E6BB1208CAA83007C67C2 /* LoginViewController.m */ = {isa = PBXFileReference; lastKnownFileType = sourcecode.c.objc; path = LoginViewController.m; sourceTree = "<group>"; };
		2C9AC4C12087C01E0083ACA4 /* AuthTestAssignment.app */ = {isa = PBXFileReference; explicitFileType = wrapper.application; includeInIndex = 0; path = AuthTestAssignment.app; sourceTree = BUILT_PRODUCTS_DIR; };
		2C9AC4C42087C01E0083ACA4 /* AppDelegate.swift */ = {isa = PBXFileReference; lastKnownFileType = sourcecode.swift; path = AppDelegate.swift; sourceTree = "<group>"; };
		2C9AC4CB2087C01F0083ACA4 /* Assets.xcassets */ = {isa = PBXFileReference; lastKnownFileType = folder.assetcatalog; path = Assets.xcassets; sourceTree = "<group>"; };
		2C9AC4CE2087C0200083ACA4 /* Base */ = {isa = PBXFileReference; lastKnownFileType = file.storyboard; name = Base; path = Base.lproj/LaunchScreen.storyboard; sourceTree = "<group>"; };
		2C9AC4D02087C0200083ACA4 /* Info.plist */ = {isa = PBXFileReference; lastKnownFileType = text.plist.xml; path = Info.plist; sourceTree = "<group>"; };
		2C9AC4D52087C0200083ACA4 /* AuthTestAssignmentTests.xctest */ = {isa = PBXFileReference; explicitFileType = wrapper.cfbundle; includeInIndex = 0; path = AuthTestAssignmentTests.xctest; sourceTree = BUILT_PRODUCTS_DIR; };
		2C9AC4D92087C0200083ACA4 /* AuthTestAssignmentTests.swift */ = {isa = PBXFileReference; lastKnownFileType = sourcecode.swift; path = AuthTestAssignmentTests.swift; sourceTree = "<group>"; };
		2C9AC4DB2087C0200083ACA4 /* Info.plist */ = {isa = PBXFileReference; lastKnownFileType = text.plist.xml; path = Info.plist; sourceTree = "<group>"; };
		2C9AC4E42087C0C80083ACA4 /* ApplicationFlow.swift */ = {isa = PBXFileReference; fileEncoding = 4; lastKnownFileType = sourcecode.swift; path = ApplicationFlow.swift; sourceTree = "<group>"; };
		2C9AC4E62087C3510083ACA4 /* Networking.swift */ = {isa = PBXFileReference; fileEncoding = 4; lastKnownFileType = sourcecode.swift; path = Networking.swift; sourceTree = "<group>"; };
		2C9AC4E82087C4570083ACA4 /* User.swift */ = {isa = PBXFileReference; lastKnownFileType = sourcecode.swift; path = User.swift; sourceTree = "<group>"; };
		2C9AC4EA2087C59C0083ACA4 /* Credentials.swift */ = {isa = PBXFileReference; lastKnownFileType = sourcecode.swift; path = Credentials.swift; sourceTree = "<group>"; };
		2C9AC4EC2087C7810083ACA4 /* Architecture components.swift */ = {isa = PBXFileReference; fileEncoding = 4; lastKnownFileType = sourcecode.swift; path = "Architecture components.swift"; sourceTree = "<group>"; };
		2CD34E35208E4789004465A0 /* RegistrationViewController.xib */ = {isa = PBXFileReference; lastKnownFileType = file.xib; path = RegistrationViewController.xib; sourceTree = "<group>"; };
		2CD34E38208E4850004465A0 /* UIKit Extensions.swift */ = {isa = PBXFileReference; lastKnownFileType = sourcecode.swift; path = "UIKit Extensions.swift"; sourceTree = "<group>"; };
		2CD34E3A208E53EB004465A0 /* RegistrationInputView.swift */ = {isa = PBXFileReference; lastKnownFileType = sourcecode.swift; path = RegistrationInputView.swift; sourceTree = "<group>"; };
		2CD34E3E208E5489004465A0 /* RegistrationInputView.xib */ = {isa = PBXFileReference; lastKnownFileType = file.xib; path = RegistrationInputView.xib; sourceTree = "<group>"; };
		2CD40D1D209A48CC003D5D7A /* Profile views.swift */ = {isa = PBXFileReference; lastKnownFileType = sourcecode.swift; path = "Profile views.swift"; sourceTree = "<group>"; };
		5F271A677F27A2039B461AF2 /* Pods-AuthTestAssignmentTests.debug.xcconfig */ = {isa = PBXFileReference; includeInIndex = 1; lastKnownFileType = text.xcconfig; name = "Pods-AuthTestAssignmentTests.debug.xcconfig"; path = "Pods/Target Support Files/Pods-AuthTestAssignmentTests/Pods-AuthTestAssignmentTests.debug.xcconfig"; sourceTree = "<group>"; };
		823C67E25E72D38BB9DB7E53 /* Pods-AuthTestAssignment.debug.xcconfig */ = {isa = PBXFileReference; includeInIndex = 1; lastKnownFileType = text.xcconfig; name = "Pods-AuthTestAssignment.debug.xcconfig"; path = "Pods/Target Support Files/Pods-AuthTestAssignment/Pods-AuthTestAssignment.debug.xcconfig"; sourceTree = "<group>"; };
		87E14C98E42F75E9C21E8877 /* Pods-AuthTestAssignment.release.xcconfig */ = {isa = PBXFileReference; includeInIndex = 1; lastKnownFileType = text.xcconfig; name = "Pods-AuthTestAssignment.release.xcconfig"; path = "Pods/Target Support Files/Pods-AuthTestAssignment/Pods-AuthTestAssignment.release.xcconfig"; sourceTree = "<group>"; };
		E9546301F4536612B15E4E57 /* Pods_AuthTestAssignment.framework */ = {isa = PBXFileReference; explicitFileType = wrapper.framework; includeInIndex = 0; path = Pods_AuthTestAssignment.framework; sourceTree = BUILT_PRODUCTS_DIR; };
/* End PBXFileReference section */

/* Begin PBXFrameworksBuildPhase section */
		2C9AC4BE2087C01E0083ACA4 /* Frameworks */ = {
			isa = PBXFrameworksBuildPhase;
			buildActionMask = 2147483647;
			files = (
				21164E5E5EBC7E04F159CD75 /* Pods_AuthTestAssignment.framework in Frameworks */,
			);
			runOnlyForDeploymentPostprocessing = 0;
		};
		2C9AC4D22087C0200083ACA4 /* Frameworks */ = {
			isa = PBXFrameworksBuildPhase;
			buildActionMask = 2147483647;
			files = (
				20CD3DE3A617B87A89F6F91B /* Pods_AuthTestAssignmentTests.framework in Frameworks */,
			);
			runOnlyForDeploymentPostprocessing = 0;
		};
/* End PBXFrameworksBuildPhase section */

/* Begin PBXGroup section */
		2C1E38D220950EC8009D6267 /* Shared */ = {
			isa = PBXGroup;
			children = (
			);
			path = Shared;
			sourceTree = "<group>";
		};
		2C7E6B9A208C9456007C67C2 /* Architecture components */ = {
			isa = PBXGroup;
			children = (
				2C9AC4E42087C0C80083ACA4 /* ApplicationFlow.swift */,
				2C9AC4EC2087C7810083ACA4 /* Architecture components.swift */,
			);
			path = "Architecture components";
			sourceTree = "<group>";
		};
		2C7E6B9B208C9465007C67C2 /* Modules */ = {
			isa = PBXGroup;
			children = (
				2C7E6B9C208C946C007C67C2 /* Login */,
				2C7E6B9D208C9471007C67C2 /* Registration */,
				2C7E6B9E208C9478007C67C2 /* Profile */,
			);
			path = Modules;
			sourceTree = "<group>";
		};
		2C7E6B9C208C946C007C67C2 /* Login */ = {
			isa = PBXGroup;
			children = (
				2C7E6BAB208C98A9007C67C2 /* LoginModule.swift */,
				2C7E6B96208C78B5007C67C2 /* LoginPresenting.swift */,
				2C7E6BB0208CAA83007C67C2 /* LoginViewController.h */,
				2C7E6BB1208CAA83007C67C2 /* LoginViewController.m */,
				2C7E6BAF208CAA82007C67C2 /* AuthTestAssignment-Bridging-Header.h */,
				2C530229208CC7EC00D9833F /* LoginPresenting.h */,
				2C53022A208CC88300D9833F /* LoginView.h */,
			);
			path = Login;
			sourceTree = "<group>";
		};
		2C7E6B9D208C9471007C67C2 /* Registration */ = {
			isa = PBXGroup;
			children = (
				2C7E6BA9208C988B007C67C2 /* RegistrationModule.swift */,
				2C7E6BA1208C94A5007C67C2 /* RegistrationPresenting.swift */,
				2C7E6B9F208C9497007C67C2 /* RegistrationView.swift */,
				2CD34E35208E4789004465A0 /* RegistrationViewController.xib */,
				2CD34E3A208E53EB004465A0 /* RegistrationInputView.swift */,
				2CD34E3E208E5489004465A0 /* RegistrationInputView.xib */,
			);
			path = Registration;
			sourceTree = "<group>";
		};
		2C7E6B9E208C9478007C67C2 /* Profile */ = {
			isa = PBXGroup;
			children = (
				2C7E6BA7208C97A6007C67C2 /* ProfileModule.swift */,
				2C7E6BA5208C94BE007C67C2 /* ProfilePresenting.swift */,
				2C7E6BA3208C94B0007C67C2 /* ProfileView.swift */,
				2CD40D1D209A48CC003D5D7A /* Profile views.swift */,
			);
			path = Profile;
			sourceTree = "<group>";
		};
		2C7E6BAD208C990A007C67C2 /* Services */ = {
			isa = PBXGroup;
			children = (
				2C9AC4E62087C3510083ACA4 /* Networking.swift */,
				2C53022B208CE9F800D9833F /* UserStorage.swift */,
				2C7BCEDD2095E62E00B1F0F3 /* Validation.swift */,
			);
			path = Services;
			sourceTree = "<group>";
		};
		2C7E6BAE208C9922007C67C2 /* Plain models */ = {
			isa = PBXGroup;
			children = (
				2C9AC4E82087C4570083ACA4 /* User.swift */,
				2C9AC4EA2087C59C0083ACA4 /* Credentials.swift */,
				2C7BCEDF2095E71300B1F0F3 /* Registration.swift */,
			);
			path = "Plain models";
			sourceTree = "<group>";
		};
		2C9AC4B82087C01E0083ACA4 = {
			isa = PBXGroup;
			children = (
				2C9AC4C32087C01E0083ACA4 /* AuthTestAssignment */,
				2C9AC4D82087C0200083ACA4 /* AuthTestAssignmentTests */,
				2C9AC4C22087C01E0083ACA4 /* Products */,
				33D21984329D25037A9BAE86 /* Pods */,
				9842DED47B89C88506E520DA /* Frameworks */,
			);
			sourceTree = "<group>";
		};
		2C9AC4C22087C01E0083ACA4 /* Products */ = {
			isa = PBXGroup;
			children = (
				2C9AC4C12087C01E0083ACA4 /* AuthTestAssignment.app */,
				2C9AC4D52087C0200083ACA4 /* AuthTestAssignmentTests.xctest */,
			);
			name = Products;
			sourceTree = "<group>";
		};
		2C9AC4C32087C01E0083ACA4 /* AuthTestAssignment */ = {
			isa = PBXGroup;
			children = (
				2C1E38D220950EC8009D6267 /* Shared */,
				2C7E6BAE208C9922007C67C2 /* Plain models */,
				2C7E6BAD208C990A007C67C2 /* Services */,
				2C7E6B9B208C9465007C67C2 /* Modules */,
				2C7E6B9A208C9456007C67C2 /* Architecture components */,
				2C9AC4C42087C01E0083ACA4 /* AppDelegate.swift */,
				2C9AC4CB2087C01F0083ACA4 /* Assets.xcassets */,
				2C9AC4CD2087C0200083ACA4 /* LaunchScreen.storyboard */,
				2C9AC4D02087C0200083ACA4 /* Info.plist */,
				2CD34E38208E4850004465A0 /* UIKit Extensions.swift */,
			);
			path = AuthTestAssignment;
			sourceTree = "<group>";
		};
		2C9AC4D82087C0200083ACA4 /* AuthTestAssignmentTests */ = {
			isa = PBXGroup;
			children = (
				2C9AC4D92087C0200083ACA4 /* AuthTestAssignmentTests.swift */,
				2C9AC4DB2087C0200083ACA4 /* Info.plist */,
			);
			path = AuthTestAssignmentTests;
			sourceTree = "<group>";
		};
		33D21984329D25037A9BAE86 /* Pods */ = {
			isa = PBXGroup;
			children = (
				823C67E25E72D38BB9DB7E53 /* Pods-AuthTestAssignment.debug.xcconfig */,
				87E14C98E42F75E9C21E8877 /* Pods-AuthTestAssignment.release.xcconfig */,
				5F271A677F27A2039B461AF2 /* Pods-AuthTestAssignmentTests.debug.xcconfig */,
				00C2005F1B70C4AEBCE8547B /* Pods-AuthTestAssignmentTests.release.xcconfig */,
			);
			name = Pods;
			sourceTree = "<group>";
		};
		9842DED47B89C88506E520DA /* Frameworks */ = {
			isa = PBXGroup;
			children = (
				E9546301F4536612B15E4E57 /* Pods_AuthTestAssignment.framework */,
				0FD9AA130A380FE7202AFB2E /* Pods_AuthTestAssignmentTests.framework */,
			);
			name = Frameworks;
			sourceTree = "<group>";
		};
/* End PBXGroup section */

/* Begin PBXNativeTarget section */
		2C9AC4C02087C01E0083ACA4 /* AuthTestAssignment */ = {
			isa = PBXNativeTarget;
			buildConfigurationList = 2C9AC4DE2087C0200083ACA4 /* Build configuration list for PBXNativeTarget "AuthTestAssignment" */;
			buildPhases = (
				420ED40C93C1A93BE9D0CEFB /* [CP] Check Pods Manifest.lock */,
				2C9AC4BD2087C01E0083ACA4 /* Sources */,
				2C9AC4BE2087C01E0083ACA4 /* Frameworks */,
				2C9AC4BF2087C01E0083ACA4 /* Resources */,
				6E1FF992839BD848893E829D /* [CP] Embed Pods Frameworks */,
			);
			buildRules = (
			);
			dependencies = (
			);
			name = AuthTestAssignment;
			productName = AuthTestAssignment;
			productReference = 2C9AC4C12087C01E0083ACA4 /* AuthTestAssignment.app */;
			productType = "com.apple.product-type.application";
		};
		2C9AC4D42087C0200083ACA4 /* AuthTestAssignmentTests */ = {
			isa = PBXNativeTarget;
			buildConfigurationList = 2C9AC4E12087C0200083ACA4 /* Build configuration list for PBXNativeTarget "AuthTestAssignmentTests" */;
			buildPhases = (
				632F3651579C4043EFCC75B3 /* [CP] Check Pods Manifest.lock */,
				2C9AC4D12087C0200083ACA4 /* Sources */,
				2C9AC4D22087C0200083ACA4 /* Frameworks */,
				2C9AC4D32087C0200083ACA4 /* Resources */,
			);
			buildRules = (
			);
			dependencies = (
				2C9AC4D72087C0200083ACA4 /* PBXTargetDependency */,
			);
			name = AuthTestAssignmentTests;
			productName = AuthTestAssignmentTests;
			productReference = 2C9AC4D52087C0200083ACA4 /* AuthTestAssignmentTests.xctest */;
			productType = "com.apple.product-type.bundle.unit-test";
		};
/* End PBXNativeTarget section */

/* Begin PBXProject section */
		2C9AC4B92087C01E0083ACA4 /* Project object */ = {
			isa = PBXProject;
			attributes = {
				LastSwiftUpdateCheck = 0930;
				LastUpgradeCheck = 0930;
				ORGANIZATIONNAME = "Ivan Petrov";
				TargetAttributes = {
					2C9AC4C02087C01E0083ACA4 = {
						CreatedOnToolsVersion = 9.3;
						LastSwiftMigration = 0930;
					};
					2C9AC4D42087C0200083ACA4 = {
						CreatedOnToolsVersion = 9.3;
						TestTargetID = 2C9AC4C02087C01E0083ACA4;
					};
				};
			};
			buildConfigurationList = 2C9AC4BC2087C01E0083ACA4 /* Build configuration list for PBXProject "AuthTestAssignment" */;
			compatibilityVersion = "Xcode 9.3";
			developmentRegion = en;
			hasScannedForEncodings = 0;
			knownRegions = (
				en,
				Base,
			);
			mainGroup = 2C9AC4B82087C01E0083ACA4;
			productRefGroup = 2C9AC4C22087C01E0083ACA4 /* Products */;
			projectDirPath = "";
			projectRoot = "";
			targets = (
				2C9AC4C02087C01E0083ACA4 /* AuthTestAssignment */,
				2C9AC4D42087C0200083ACA4 /* AuthTestAssignmentTests */,
			);
		};
/* End PBXProject section */

/* Begin PBXResourcesBuildPhase section */
		2C9AC4BF2087C01E0083ACA4 /* Resources */ = {
			isa = PBXResourcesBuildPhase;
			buildActionMask = 2147483647;
			files = (
				2CD34E3F208E5489004465A0 /* RegistrationInputView.xib in Resources */,
				2CD34E37208E4789004465A0 /* RegistrationViewController.xib in Resources */,
				2C9AC4CF2087C0200083ACA4 /* LaunchScreen.storyboard in Resources */,
				2C9AC4CC2087C01F0083ACA4 /* Assets.xcassets in Resources */,
			);
			runOnlyForDeploymentPostprocessing = 0;
		};
		2C9AC4D32087C0200083ACA4 /* Resources */ = {
			isa = PBXResourcesBuildPhase;
			buildActionMask = 2147483647;
			files = (
			);
			runOnlyForDeploymentPostprocessing = 0;
		};
/* End PBXResourcesBuildPhase section */

/* Begin PBXShellScriptBuildPhase section */
		420ED40C93C1A93BE9D0CEFB /* [CP] Check Pods Manifest.lock */ = {
			isa = PBXShellScriptBuildPhase;
			buildActionMask = 2147483647;
			files = (
			);
			inputPaths = (
				"${PODS_PODFILE_DIR_PATH}/Podfile.lock",
				"${PODS_ROOT}/Manifest.lock",
			);
			name = "[CP] Check Pods Manifest.lock";
			outputPaths = (
				"$(DERIVED_FILE_DIR)/Pods-AuthTestAssignment-checkManifestLockResult.txt",
			);
			runOnlyForDeploymentPostprocessing = 0;
			shellPath = /bin/sh;
			shellScript = "diff \"${PODS_PODFILE_DIR_PATH}/Podfile.lock\" \"${PODS_ROOT}/Manifest.lock\" > /dev/null\nif [ $? != 0 ] ; then\n    # print error to STDERR\n    echo \"error: The sandbox is not in sync with the Podfile.lock. Run 'pod install' or update your CocoaPods installation.\" >&2\n    exit 1\nfi\n# This output is used by Xcode 'outputs' to avoid re-running this script phase.\necho \"SUCCESS\" > \"${SCRIPT_OUTPUT_FILE_0}\"\n";
			showEnvVarsInLog = 0;
		};
		632F3651579C4043EFCC75B3 /* [CP] Check Pods Manifest.lock */ = {
			isa = PBXShellScriptBuildPhase;
			buildActionMask = 2147483647;
			files = (
			);
			inputPaths = (
				"${PODS_PODFILE_DIR_PATH}/Podfile.lock",
				"${PODS_ROOT}/Manifest.lock",
			);
			name = "[CP] Check Pods Manifest.lock";
			outputPaths = (
				"$(DERIVED_FILE_DIR)/Pods-AuthTestAssignmentTests-checkManifestLockResult.txt",
			);
			runOnlyForDeploymentPostprocessing = 0;
			shellPath = /bin/sh;
			shellScript = "diff \"${PODS_PODFILE_DIR_PATH}/Podfile.lock\" \"${PODS_ROOT}/Manifest.lock\" > /dev/null\nif [ $? != 0 ] ; then\n    # print error to STDERR\n    echo \"error: The sandbox is not in sync with the Podfile.lock. Run 'pod install' or update your CocoaPods installation.\" >&2\n    exit 1\nfi\n# This output is used by Xcode 'outputs' to avoid re-running this script phase.\necho \"SUCCESS\" > \"${SCRIPT_OUTPUT_FILE_0}\"\n";
			showEnvVarsInLog = 0;
		};
		6E1FF992839BD848893E829D /* [CP] Embed Pods Frameworks */ = {
			isa = PBXShellScriptBuildPhase;
			buildActionMask = 2147483647;
			files = (
			);
			inputPaths = (
				"${SRCROOT}/Pods/Target Support Files/Pods-AuthTestAssignment/Pods-AuthTestAssignment-frameworks.sh",
				"${BUILT_PRODUCTS_DIR}/Alamofire/Alamofire.framework",
				"${BUILT_PRODUCTS_DIR}/AlamofireImage/AlamofireImage.framework",
				"${BUILT_PRODUCTS_DIR}/IQKeyboardManager/IQKeyboardManager.framework",
				"${BUILT_PRODUCTS_DIR}/Moya/Moya.framework",
				"${BUILT_PRODUCTS_DIR}/Result/Result.framework",
				"${BUILT_PRODUCTS_DIR}/Swinject/Swinject.framework",
			);
			name = "[CP] Embed Pods Frameworks";
			outputPaths = (
				"${TARGET_BUILD_DIR}/${FRAMEWORKS_FOLDER_PATH}/Alamofire.framework",
				"${TARGET_BUILD_DIR}/${FRAMEWORKS_FOLDER_PATH}/AlamofireImage.framework",
				"${TARGET_BUILD_DIR}/${FRAMEWORKS_FOLDER_PATH}/IQKeyboardManager.framework",
				"${TARGET_BUILD_DIR}/${FRAMEWORKS_FOLDER_PATH}/Moya.framework",
				"${TARGET_BUILD_DIR}/${FRAMEWORKS_FOLDER_PATH}/Result.framework",
				"${TARGET_BUILD_DIR}/${FRAMEWORKS_FOLDER_PATH}/Swinject.framework",
			);
			runOnlyForDeploymentPostprocessing = 0;
			shellPath = /bin/sh;
			shellScript = "\"${SRCROOT}/Pods/Target Support Files/Pods-AuthTestAssignment/Pods-AuthTestAssignment-frameworks.sh\"\n";
			showEnvVarsInLog = 0;
		};
/* End PBXShellScriptBuildPhase section */

/* Begin PBXSourcesBuildPhase section */
		2C9AC4BD2087C01E0083ACA4 /* Sources */ = {
			isa = PBXSourcesBuildPhase;
			buildActionMask = 2147483647;
			files = (
				2C53022C208CE9F800D9833F /* UserStorage.swift in Sources */,
				2C7E6BAA208C988B007C67C2 /* RegistrationModule.swift in Sources */,
				2C7E6BA0208C9497007C67C2 /* RegistrationView.swift in Sources */,
				2C7E6BA4208C94B0007C67C2 /* ProfileView.swift in Sources */,
				2C9AC4EB2087C59C0083ACA4 /* Credentials.swift in Sources */,
				2C9AC4E52087C0C80083ACA4 /* ApplicationFlow.swift in Sources */,
				2C9AC4C52087C01E0083ACA4 /* AppDelegate.swift in Sources */,
				2C7E6BA8208C97A6007C67C2 /* ProfileModule.swift in Sources */,
				2C7BCEDE2095E62E00B1F0F3 /* Validation.swift in Sources */,
				2CD40D1E209A48CC003D5D7A /* Profile views.swift in Sources */,
				2C7E6BA6208C94BE007C67C2 /* ProfilePresenting.swift in Sources */,
				2C7E6BB2208CAA83007C67C2 /* LoginViewController.m in Sources */,
				2C9AC4E92087C4570083ACA4 /* User.swift in Sources */,
				2CD34E39208E4850004465A0 /* UIKit Extensions.swift in Sources */,
				2C7E6B97208C78B5007C67C2 /* LoginPresenting.swift in Sources */,
				2C7E6BAC208C98A9007C67C2 /* LoginModule.swift in Sources */,
				2C7BCEE02095E71300B1F0F3 /* Registration.swift in Sources */,
				2C9AC4E72087C3510083ACA4 /* Networking.swift in Sources */,
				2CD34E3B208E53EB004465A0 /* RegistrationInputView.swift in Sources */,
				2C7E6BA2208C94A5007C67C2 /* RegistrationPresenting.swift in Sources */,
				2C9AC4ED2087C7810083ACA4 /* Architecture components.swift in Sources */,
			);
			runOnlyForDeploymentPostprocessing = 0;
		};
		2C9AC4D12087C0200083ACA4 /* Sources */ = {
			isa = PBXSourcesBuildPhase;
			buildActionMask = 2147483647;
			files = (
				2C9AC4DA2087C0200083ACA4 /* AuthTestAssignmentTests.swift in Sources */,
			);
			runOnlyForDeploymentPostprocessing = 0;
		};
/* End PBXSourcesBuildPhase section */

/* Begin PBXTargetDependency section */
		2C9AC4D72087C0200083ACA4 /* PBXTargetDependency */ = {
			isa = PBXTargetDependency;
			target = 2C9AC4C02087C01E0083ACA4 /* AuthTestAssignment */;
			targetProxy = 2C9AC4D62087C0200083ACA4 /* PBXContainerItemProxy */;
		};
/* End PBXTargetDependency section */

/* Begin PBXVariantGroup section */
		2C9AC4CD2087C0200083ACA4 /* LaunchScreen.storyboard */ = {
			isa = PBXVariantGroup;
			children = (
				2C9AC4CE2087C0200083ACA4 /* Base */,
			);
			name = LaunchScreen.storyboard;
			sourceTree = "<group>";
		};
/* End PBXVariantGroup section */

/* Begin XCBuildConfiguration section */
		2C9AC4DC2087C0200083ACA4 /* Debug */ = {
			isa = XCBuildConfiguration;
			buildSettings = {
				ALWAYS_SEARCH_USER_PATHS = NO;
				CLANG_ANALYZER_NONNULL = YES;
				CLANG_ANALYZER_NUMBER_OBJECT_CONVERSION = YES_AGGRESSIVE;
				CLANG_CXX_LANGUAGE_STANDARD = "gnu++14";
				CLANG_CXX_LIBRARY = "libc++";
				CLANG_ENABLE_MODULES = YES;
				CLANG_ENABLE_OBJC_ARC = YES;
				CLANG_ENABLE_OBJC_WEAK = YES;
				CLANG_WARN_BLOCK_CAPTURE_AUTORELEASING = YES;
				CLANG_WARN_BOOL_CONVERSION = YES;
				CLANG_WARN_COMMA = YES;
				CLANG_WARN_CONSTANT_CONVERSION = YES;
				CLANG_WARN_DEPRECATED_OBJC_IMPLEMENTATIONS = YES;
				CLANG_WARN_DIRECT_OBJC_ISA_USAGE = YES_ERROR;
				CLANG_WARN_DOCUMENTATION_COMMENTS = YES;
				CLANG_WARN_EMPTY_BODY = YES;
				CLANG_WARN_ENUM_CONVERSION = YES;
				CLANG_WARN_INFINITE_RECURSION = YES;
				CLANG_WARN_INT_CONVERSION = YES;
				CLANG_WARN_NON_LITERAL_NULL_CONVERSION = YES;
				CLANG_WARN_OBJC_IMPLICIT_RETAIN_SELF = YES;
				CLANG_WARN_OBJC_LITERAL_CONVERSION = YES;
				CLANG_WARN_OBJC_ROOT_CLASS = YES_ERROR;
				CLANG_WARN_RANGE_LOOP_ANALYSIS = YES;
				CLANG_WARN_STRICT_PROTOTYPES = YES;
				CLANG_WARN_SUSPICIOUS_MOVE = YES;
				CLANG_WARN_UNGUARDED_AVAILABILITY = YES_AGGRESSIVE;
				CLANG_WARN_UNREACHABLE_CODE = YES;
				CLANG_WARN__DUPLICATE_METHOD_MATCH = YES;
				CODE_SIGN_IDENTITY = "iPhone Developer";
				COPY_PHASE_STRIP = NO;
				DEBUG_INFORMATION_FORMAT = dwarf;
				DEFINES_MODULE = YES;
				ENABLE_STRICT_OBJC_MSGSEND = YES;
				ENABLE_TESTABILITY = YES;
				GCC_C_LANGUAGE_STANDARD = gnu11;
				GCC_DYNAMIC_NO_PIC = NO;
				GCC_NO_COMMON_BLOCKS = YES;
				GCC_OPTIMIZATION_LEVEL = 0;
				GCC_PREPROCESSOR_DEFINITIONS = (
					"DEBUG=1",
					"$(inherited)",
				);
				GCC_WARN_64_TO_32_BIT_CONVERSION = YES;
				GCC_WARN_ABOUT_RETURN_TYPE = YES_ERROR;
				GCC_WARN_UNDECLARED_SELECTOR = YES;
				GCC_WARN_UNINITIALIZED_AUTOS = YES_AGGRESSIVE;
				GCC_WARN_UNUSED_FUNCTION = YES;
				GCC_WARN_UNUSED_VARIABLE = YES;
				IPHONEOS_DEPLOYMENT_TARGET = 11.3;
				MTL_ENABLE_DEBUG_INFO = YES;
				ONLY_ACTIVE_ARCH = YES;
				SDKROOT = iphoneos;
				SWIFT_ACTIVE_COMPILATION_CONDITIONS = DEBUG;
				SWIFT_OPTIMIZATION_LEVEL = "-Onone";
			};
			name = Debug;
		};
		2C9AC4DD2087C0200083ACA4 /* Release */ = {
			isa = XCBuildConfiguration;
			buildSettings = {
				ALWAYS_SEARCH_USER_PATHS = NO;
				CLANG_ANALYZER_NONNULL = YES;
				CLANG_ANALYZER_NUMBER_OBJECT_CONVERSION = YES_AGGRESSIVE;
				CLANG_CXX_LANGUAGE_STANDARD = "gnu++14";
				CLANG_CXX_LIBRARY = "libc++";
				CLANG_ENABLE_MODULES = YES;
				CLANG_ENABLE_OBJC_ARC = YES;
				CLANG_ENABLE_OBJC_WEAK = YES;
				CLANG_WARN_BLOCK_CAPTURE_AUTORELEASING = YES;
				CLANG_WARN_BOOL_CONVERSION = YES;
				CLANG_WARN_COMMA = YES;
				CLANG_WARN_CONSTANT_CONVERSION = YES;
				CLANG_WARN_DEPRECATED_OBJC_IMPLEMENTATIONS = YES;
				CLANG_WARN_DIRECT_OBJC_ISA_USAGE = YES_ERROR;
				CLANG_WARN_DOCUMENTATION_COMMENTS = YES;
				CLANG_WARN_EMPTY_BODY = YES;
				CLANG_WARN_ENUM_CONVERSION = YES;
				CLANG_WARN_INFINITE_RECURSION = YES;
				CLANG_WARN_INT_CONVERSION = YES;
				CLANG_WARN_NON_LITERAL_NULL_CONVERSION = YES;
				CLANG_WARN_OBJC_IMPLICIT_RETAIN_SELF = YES;
				CLANG_WARN_OBJC_LITERAL_CONVERSION = YES;
				CLANG_WARN_OBJC_ROOT_CLASS = YES_ERROR;
				CLANG_WARN_RANGE_LOOP_ANALYSIS = YES;
				CLANG_WARN_STRICT_PROTOTYPES = YES;
				CLANG_WARN_SUSPICIOUS_MOVE = YES;
				CLANG_WARN_UNGUARDED_AVAILABILITY = YES_AGGRESSIVE;
				CLANG_WARN_UNREACHABLE_CODE = YES;
				CLANG_WARN__DUPLICATE_METHOD_MATCH = YES;
				CODE_SIGN_IDENTITY = "iPhone Developer";
				COPY_PHASE_STRIP = NO;
				DEBUG_INFORMATION_FORMAT = "dwarf-with-dsym";
				DEFINES_MODULE = YES;
				ENABLE_NS_ASSERTIONS = NO;
				ENABLE_STRICT_OBJC_MSGSEND = YES;
				GCC_C_LANGUAGE_STANDARD = gnu11;
				GCC_NO_COMMON_BLOCKS = YES;
				GCC_WARN_64_TO_32_BIT_CONVERSION = YES;
				GCC_WARN_ABOUT_RETURN_TYPE = YES_ERROR;
				GCC_WARN_UNDECLARED_SELECTOR = YES;
				GCC_WARN_UNINITIALIZED_AUTOS = YES_AGGRESSIVE;
				GCC_WARN_UNUSED_FUNCTION = YES;
				GCC_WARN_UNUSED_VARIABLE = YES;
				IPHONEOS_DEPLOYMENT_TARGET = 11.3;
				MTL_ENABLE_DEBUG_INFO = NO;
				SDKROOT = iphoneos;
				SWIFT_COMPILATION_MODE = wholemodule;
				SWIFT_OPTIMIZATION_LEVEL = "-O";
				VALIDATE_PRODUCT = YES;
			};
			name = Release;
		};
		2C9AC4DF2087C0200083ACA4 /* Debug */ = {
			isa = XCBuildConfiguration;
			baseConfigurationReference = 823C67E25E72D38BB9DB7E53 /* Pods-AuthTestAssignment.debug.xcconfig */;
			buildSettings = {
				ASSETCATALOG_COMPILER_APPICON_NAME = AppIcon;
				CLANG_ENABLE_MODULES = YES;
				CODE_SIGN_IDENTITY = "iPhone Developer";
				CODE_SIGN_STYLE = Automatic;
				DEFINES_MODULE = YES;
				DEVELOPMENT_TEAM = NZDG9K46GH;
				GCC_PRECOMPILE_PREFIX_HEADER = YES;
				INFOPLIST_FILE = AuthTestAssignment/Info.plist;
				IPHONEOS_DEPLOYMENT_TARGET = 9.0;
				LD_RUNPATH_SEARCH_PATHS = (
					"$(inherited)",
					"@executable_path/Frameworks",
				);
				PRODUCT_BUNDLE_IDENTIFIER = ru.ivan.petrov.AuthTestAssignment2;
				PRODUCT_NAME = "$(TARGET_NAME)";
				PROVISIONING_PROFILE_SPECIFIER = "";
				SWIFT_OBJC_BRIDGING_HEADER = "AuthTestAssignment/Modules/Login/AuthTestAssignment-Bridging-Header.h";
				SWIFT_OPTIMIZATION_LEVEL = "-Onone";
				SWIFT_VERSION = 4.0;
				TARGETED_DEVICE_FAMILY = "1,2";
			};
			name = Debug;
		};
		2C9AC4E02087C0200083ACA4 /* Release */ = {
			isa = XCBuildConfiguration;
			baseConfigurationReference = 87E14C98E42F75E9C21E8877 /* Pods-AuthTestAssignment.release.xcconfig */;
			buildSettings = {
				ASSETCATALOG_COMPILER_APPICON_NAME = AppIcon;
				CLANG_ENABLE_MODULES = YES;
				CODE_SIGN_IDENTITY = "iPhone Developer";
				CODE_SIGN_STYLE = Automatic;
				DEFINES_MODULE = YES;
				DEVELOPMENT_TEAM = NZDG9K46GH;
				GCC_PRECOMPILE_PREFIX_HEADER = YES;
				INFOPLIST_FILE = AuthTestAssignment/Info.plist;
				IPHONEOS_DEPLOYMENT_TARGET = 9.0;
				LD_RUNPATH_SEARCH_PATHS = (
					"$(inherited)",
					"@executable_path/Frameworks",
				);
				PRODUCT_BUNDLE_IDENTIFIER = ru.ivan.petrov.AuthTestAssignment2;
				PRODUCT_NAME = "$(TARGET_NAME)";
				PROVISIONING_PROFILE_SPECIFIER = "";
				SWIFT_OBJC_BRIDGING_HEADER = "AuthTestAssignment/Modules/Login/AuthTestAssignment-Bridging-Header.h";
				SWIFT_VERSION = 4.0;
				TARGETED_DEVICE_FAMILY = "1,2";
			};
			name = Release;
		};
		2C9AC4E22087C0200083ACA4 /* Debug */ = {
			isa = XCBuildConfiguration;
			baseConfigurationReference = 5F271A677F27A2039B461AF2 /* Pods-AuthTestAssignmentTests.debug.xcconfig */;
			buildSettings = {
				ALWAYS_EMBED_SWIFT_STANDARD_LIBRARIES = YES;
				BUNDLE_LOADER = "$(TEST_HOST)";
				CODE_SIGN_STYLE = Automatic;
				DEVELOPMENT_TEAM = 3D2RR86F36;
				INFOPLIST_FILE = AuthTestAssignmentTests/Info.plist;
				LD_RUNPATH_SEARCH_PATHS = (
					"$(inherited)",
					"@executable_path/Frameworks",
					"@loader_path/Frameworks",
				);
				PRODUCT_BUNDLE_IDENTIFIER = ru.ivan.petrov.AuthTestAssignmentTests;
				PRODUCT_NAME = "$(TARGET_NAME)";
				SWIFT_VERSION = 4.0;
				TARGETED_DEVICE_FAMILY = "1,2";
				TEST_HOST = "$(BUILT_PRODUCTS_DIR)/AuthTestAssignment.app/AuthTestAssignment";
			};
			name = Debug;
		};
		2C9AC4E32087C0200083ACA4 /* Release */ = {
			isa = XCBuildConfiguration;
			baseConfigurationReference = 00C2005F1B70C4AEBCE8547B /* Pods-AuthTestAssignmentTests.release.xcconfig */;
			buildSettings = {
				ALWAYS_EMBED_SWIFT_STANDARD_LIBRARIES = YES;
				BUNDLE_LOADER = "$(TEST_HOST)";
				CODE_SIGN_STYLE = Automatic;
				DEVELOPMENT_TEAM = 3D2RR86F36;
				INFOPLIST_FILE = AuthTestAssignmentTests/Info.plist;
				LD_RUNPATH_SEARCH_PATHS = (
					"$(inherited)",
					"@executable_path/Frameworks",
					"@loader_path/Frameworks",
				);
				PRODUCT_BUNDLE_IDENTIFIER = ru.ivan.petrov.AuthTestAssignmentTests;
				PRODUCT_NAME = "$(TARGET_NAME)";
				SWIFT_VERSION = 4.0;
				TARGETED_DEVICE_FAMILY = "1,2";
				TEST_HOST = "$(BUILT_PRODUCTS_DIR)/AuthTestAssignment.app/AuthTestAssignment";
			};
			name = Release;
		};
/* End XCBuildConfiguration section */

/* Begin XCConfigurationList section */
		2C9AC4BC2087C01E0083ACA4 /* Build configuration list for PBXProject "AuthTestAssignment" */ = {
			isa = XCConfigurationList;
			buildConfigurations = (
				2C9AC4DC2087C0200083ACA4 /* Debug */,
				2C9AC4DD2087C0200083ACA4 /* Release */,
			);
			defaultConfigurationIsVisible = 0;
			defaultConfigurationName = Release;
		};
		2C9AC4DE2087C0200083ACA4 /* Build configuration list for PBXNativeTarget "AuthTestAssignment" */ = {
			isa = XCConfigurationList;
			buildConfigurations = (
				2C9AC4DF2087C0200083ACA4 /* Debug */,
				2C9AC4E02087C0200083ACA4 /* Release */,
			);
			defaultConfigurationIsVisible = 0;
			defaultConfigurationName = Release;
		};
		2C9AC4E12087C0200083ACA4 /* Build configuration list for PBXNativeTarget "AuthTestAssignmentTests" */ = {
			isa = XCConfigurationList;
			buildConfigurations = (
				2C9AC4E22087C0200083ACA4 /* Debug */,
				2C9AC4E32087C0200083ACA4 /* Release */,
			);
			defaultConfigurationIsVisible = 0;
			defaultConfigurationName = Release;
		};
/* End XCConfigurationList section */
	};
	rootObject = 2C9AC4B92087C01E0083ACA4 /* Project object */;
}
